// !$*UTF8*$!
{
	archiveVersion = 1;
	classes = {
	};
	objectVersion = 77;
	objects = {

/* Begin PBXContainerItemProxy section */
		6ADBA5FD2CD12C9600268F8F /* PBXContainerItemProxy */ = {
			isa = PBXContainerItemProxy;
			containerPortal = 6ADBA5E42CD12C9500268F8F /* Project object */;
			proxyType = 1;
			remoteGlobalIDString = 6ADBA5EB2CD12C9500268F8F;
			remoteInfo = WordScramble;
		};
		6ADBA6072CD12C9600268F8F /* PBXContainerItemProxy */ = {
			isa = PBXContainerItemProxy;
			containerPortal = 6ADBA5E42CD12C9500268F8F /* Project object */;
			proxyType = 1;
			remoteGlobalIDString = 6ADBA5EB2CD12C9500268F8F;
			remoteInfo = WordScramble;
		};
/* End PBXContainerItemProxy section */

/* Begin PBXFileReference section */
		6ADBA5EC2CD12C9500268F8F /* WordScramble.app */ = {isa = PBXFileReference; explicitFileType = wrapper.application; includeInIndex = 0; path = WordScramble.app; sourceTree = BUILT_PRODUCTS_DIR; };
		6ADBA5FC2CD12C9600268F8F /* WordScrambleTests.xctest */ = {isa = PBXFileReference; explicitFileType = wrapper.cfbundle; includeInIndex = 0; path = WordScrambleTests.xctest; sourceTree = BUILT_PRODUCTS_DIR; };
		6ADBA6062CD12C9600268F8F /* WordScrambleUITests.xctest */ = {isa = PBXFileReference; explicitFileType = wrapper.cfbundle; includeInIndex = 0; path = WordScrambleUITests.xctest; sourceTree = BUILT_PRODUCTS_DIR; };
/* End PBXFileReference section */

/* Begin PBXFileSystemSynchronizedRootGroup section */
		6ADBA5EE2CD12C9500268F8F /* WordScramble */ = {
			isa = PBXFileSystemSynchronizedRootGroup;
			path = WordScramble;
			sourceTree = "<group>";
		};
		6ADBA5FF2CD12C9600268F8F /* WordScrambleTests */ = {
			isa = PBXFileSystemSynchronizedRootGroup;
			path = WordScrambleTests;
			sourceTree = "<group>";
		};
		6ADBA6092CD12C9600268F8F /* WordScrambleUITests */ = {
			isa = PBXFileSystemSynchronizedRootGroup;
			path = WordScrambleUITests;
			sourceTree = "<group>";
		};
/* End PBXFileSystemSynchronizedRootGroup section */

/* Begin PBXFrameworksBuildPhase section */
		6ADBA5E92CD12C9500268F8F /* Frameworks */ = {
			isa = PBXFrameworksBuildPhase;
			buildActionMask = 2147483647;
			files = (
			);
			runOnlyForDeploymentPostprocessing = 0;
		};
		6ADBA5F92CD12C9600268F8F /* Frameworks */ = {
			isa = PBXFrameworksBuildPhase;
			buildActionMask = 2147483647;
			files = (
			);
			runOnlyForDeploymentPostprocessing = 0;
		};
		6ADBA6032CD12C9600268F8F /* Frameworks */ = {
			isa = PBXFrameworksBuildPhase;
			buildActionMask = 2147483647;
			files = (
			);
			runOnlyForDeploymentPostprocessing = 0;
		};
/* End PBXFrameworksBuildPhase section */

/* Begin PBXGroup section */
		6ADBA5E32CD12C9500268F8F = {
			isa = PBXGroup;
			children = (
				6ADBA5EE2CD12C9500268F8F /* WordScramble */,
				6ADBA5FF2CD12C9600268F8F /* WordScrambleTests */,
				6ADBA6092CD12C9600268F8F /* WordScrambleUITests */,
				6ADBA5ED2CD12C9500268F8F /* Products */,
			);
			sourceTree = "<group>";
		};
		6ADBA5ED2CD12C9500268F8F /* Products */ = {
			isa = PBXGroup;
			children = (
				6ADBA5EC2CD12C9500268F8F /* WordScramble.app */,
				6ADBA5FC2CD12C9600268F8F /* WordScrambleTests.xctest */,
				6ADBA6062CD12C9600268F8F /* WordScrambleUITests.xctest */,
			);
			name = Products;
			sourceTree = "<group>";
		};
/* End PBXGroup section */

/* Begin PBXNativeTarget section */
		6ADBA5EB2CD12C9500268F8F /* WordScramble */ = {
			isa = PBXNativeTarget;
			buildConfigurationList = 6ADBA6102CD12C9600268F8F /* Build configuration list for PBXNativeTarget "WordScramble" */;
			buildPhases = (
				6ADBA5E82CD12C9500268F8F /* Sources */,
				6ADBA5E92CD12C9500268F8F /* Frameworks */,
				6ADBA5EA2CD12C9500268F8F /* Resources */,
			);
			buildRules = (
			);
			dependencies = (
			);
			fileSystemSynchronizedGroups = (
				6ADBA5EE2CD12C9500268F8F /* WordScramble */,
			);
			name = WordScramble;
			packageProductDependencies = (
			);
			productName = WordScramble;
			productReference = 6ADBA5EC2CD12C9500268F8F /* WordScramble.app */;
			productType = "com.apple.product-type.application";
		};
		6ADBA5FB2CD12C9600268F8F /* WordScrambleTests */ = {
			isa = PBXNativeTarget;
			buildConfigurationList = 6ADBA6132CD12C9600268F8F /* Build configuration list for PBXNativeTarget "WordScrambleTests" */;
			buildPhases = (
				6ADBA5F82CD12C9600268F8F /* Sources */,
				6ADBA5F92CD12C9600268F8F /* Frameworks */,
				6ADBA5FA2CD12C9600268F8F /* Resources */,
			);
			buildRules = (
			);
			dependencies = (
				6ADBA5FE2CD12C9600268F8F /* PBXTargetDependency */,
			);
			fileSystemSynchronizedGroups = (
				6ADBA5FF2CD12C9600268F8F /* WordScrambleTests */,
			);
			name = WordScrambleTests;
			packageProductDependencies = (
			);
			productName = WordScrambleTests;
			productReference = 6ADBA5FC2CD12C9600268F8F /* WordScrambleTests.xctest */;
			productType = "com.apple.product-type.bundle.unit-test";
		};
		6ADBA6052CD12C9600268F8F /* WordScrambleUITests */ = {
			isa = PBXNativeTarget;
			buildConfigurationList = 6ADBA6162CD12C9600268F8F /* Build configuration list for PBXNativeTarget "WordScrambleUITests" */;
			buildPhases = (
				6ADBA6022CD12C9600268F8F /* Sources */,
				6ADBA6032CD12C9600268F8F /* Frameworks */,
				6ADBA6042CD12C9600268F8F /* Resources */,
			);
			buildRules = (
			);
			dependencies = (
				6ADBA6082CD12C9600268F8F /* PBXTargetDependency */,
			);
			fileSystemSynchronizedGroups = (
				6ADBA6092CD12C9600268F8F /* WordScrambleUITests */,
			);
			name = WordScrambleUITests;
			packageProductDependencies = (
			);
			productName = WordScrambleUITests;
			productReference = 6ADBA6062CD12C9600268F8F /* WordScrambleUITests.xctest */;
			productType = "com.apple.product-type.bundle.ui-testing";
		};
/* End PBXNativeTarget section */

/* Begin PBXProject section */
		6ADBA5E42CD12C9500268F8F /* Project object */ = {
			isa = PBXProject;
			attributes = {
				BuildIndependentTargetsInParallel = 1;
				LastSwiftUpdateCheck = 1600;
				LastUpgradeCheck = 1600;
				TargetAttributes = {
					6ADBA5EB2CD12C9500268F8F = {
						CreatedOnToolsVersion = 16.0;
					};
					6ADBA5FB2CD12C9600268F8F = {
						CreatedOnToolsVersion = 16.0;
						TestTargetID = 6ADBA5EB2CD12C9500268F8F;
					};
					6ADBA6052CD12C9600268F8F = {
						CreatedOnToolsVersion = 16.0;
						TestTargetID = 6ADBA5EB2CD12C9500268F8F;
					};
				};
			};
			buildConfigurationList = 6ADBA5E72CD12C9500268F8F /* Build configuration list for PBXProject "WordScramble" */;
			developmentRegion = en;
			hasScannedForEncodings = 0;
			knownRegions = (
				en,
				Base,
			);
			mainGroup = 6ADBA5E32CD12C9500268F8F;
			minimizedProjectReferenceProxies = 1;
			preferredProjectObjectVersion = 77;
			productRefGroup = 6ADBA5ED2CD12C9500268F8F /* Products */;
			projectDirPath = "";
			projectRoot = "";
			targets = (
				6ADBA5EB2CD12C9500268F8F /* WordScramble */,
				6ADBA5FB2CD12C9600268F8F /* WordScrambleTests */,
				6ADBA6052CD12C9600268F8F /* WordScrambleUITests */,
			);
		};
/* End PBXProject section */

/* Begin PBXResourcesBuildPhase section */
		6ADBA5EA2CD12C9500268F8F /* Resources */ = {
			isa = PBXResourcesBuildPhase;
			buildActionMask = 2147483647;
			files = (
			);
			runOnlyForDeploymentPostprocessing = 0;
		};
		6ADBA5FA2CD12C9600268F8F /* Resources */ = {
			isa = PBXResourcesBuildPhase;
			buildActionMask = 2147483647;
			files = (
			);
			runOnlyForDeploymentPostprocessing = 0;
		};
		6ADBA6042CD12C9600268F8F /* Resources */ = {
			isa = PBXResourcesBuildPhase;
			buildActionMask = 2147483647;
			files = (
			);
			runOnlyForDeploymentPostprocessing = 0;
		};
/* End PBXResourcesBuildPhase section */

/* Begin PBXSourcesBuildPhase section */
		6ADBA5E82CD12C9500268F8F /* Sources */ = {
			isa = PBXSourcesBuildPhase;
			buildActionMask = 2147483647;
			files = (
			);
			runOnlyForDeploymentPostprocessing = 0;
		};
		6ADBA5F82CD12C9600268F8F /* Sources */ = {
			isa = PBXSourcesBuildPhase;
			buildActionMask = 2147483647;
			files = (
			);
			runOnlyForDeploymentPostprocessing = 0;
		};
		6ADBA6022CD12C9600268F8F /* Sources */ = {
			isa = PBXSourcesBuildPhase;
			buildActionMask = 2147483647;
			files = (
			);
			runOnlyForDeploymentPostprocessing = 0;
		};
/* End PBXSourcesBuildPhase section */

/* Begin PBXTargetDependency section */
		6ADBA5FE2CD12C9600268F8F /* PBXTargetDependency */ = {
			isa = PBXTargetDependency;
			target = 6ADBA5EB2CD12C9500268F8F /* WordScramble */;
			targetProxy = 6ADBA5FD2CD12C9600268F8F /* PBXContainerItemProxy */;
		};
		6ADBA6082CD12C9600268F8F /* PBXTargetDependency */ = {
			isa = PBXTargetDependency;
			target = 6ADBA5EB2CD12C9500268F8F /* WordScramble */;
			targetProxy = 6ADBA6072CD12C9600268F8F /* PBXContainerItemProxy */;
		};
/* End PBXTargetDependency section */

/* Begin XCBuildConfiguration section */
		6ADBA60E2CD12C9600268F8F /* Debug */ = {
			isa = XCBuildConfiguration;
			buildSettings = {
				ALWAYS_SEARCH_USER_PATHS = NO;
				ASSETCATALOG_COMPILER_GENERATE_SWIFT_ASSET_SYMBOL_EXTENSIONS = YES;
				CLANG_ANALYZER_NONNULL = YES;
				CLANG_ANALYZER_NUMBER_OBJECT_CONVERSION = YES_AGGRESSIVE;
				CLANG_CXX_LANGUAGE_STANDARD = "gnu++20";
				CLANG_ENABLE_MODULES = YES;
				CLANG_ENABLE_OBJC_ARC = YES;
				CLANG_ENABLE_OBJC_WEAK = YES;
				CLANG_WARN_BLOCK_CAPTURE_AUTORELEASING = YES;
				CLANG_WARN_BOOL_CONVERSION = YES;
				CLANG_WARN_COMMA = YES;
				CLANG_WARN_CONSTANT_CONVERSION = YES;
				CLANG_WARN_DEPRECATED_OBJC_IMPLEMENTATIONS = YES;
				CLANG_WARN_DIRECT_OBJC_ISA_USAGE = YES_ERROR;
				CLANG_WARN_DOCUMENTATION_COMMENTS = YES;
				CLANG_WARN_EMPTY_BODY = YES;
				CLANG_WARN_ENUM_CONVERSION = YES;
				CLANG_WARN_INFINITE_RECURSION = YES;
				CLANG_WARN_INT_CONVERSION = YES;
				CLANG_WARN_NON_LITERAL_NULL_CONVERSION = YES;
				CLANG_WARN_OBJC_IMPLICIT_RETAIN_SELF = YES;
				CLANG_WARN_OBJC_LITERAL_CONVERSION = YES;
				CLANG_WARN_OBJC_ROOT_CLASS = YES_ERROR;
				CLANG_WARN_QUOTED_INCLUDE_IN_FRAMEWORK_HEADER = YES;
				CLANG_WARN_RANGE_LOOP_ANALYSIS = YES;
				CLANG_WARN_STRICT_PROTOTYPES = YES;
				CLANG_WARN_SUSPICIOUS_MOVE = YES;
				CLANG_WARN_UNGUARDED_AVAILABILITY = YES_AGGRESSIVE;
				CLANG_WARN_UNREACHABLE_CODE = YES;
				CLANG_WARN__DUPLICATE_METHOD_MATCH = YES;
				COPY_PHASE_STRIP = NO;
				DEBUG_INFORMATION_FORMAT = dwarf;
				ENABLE_STRICT_OBJC_MSGSEND = YES;
				ENABLE_TESTABILITY = YES;
				ENABLE_USER_SCRIPT_SANDBOXING = YES;
				GCC_C_LANGUAGE_STANDARD = gnu17;
				GCC_DYNAMIC_NO_PIC = NO;
				GCC_NO_COMMON_BLOCKS = YES;
				GCC_OPTIMIZATION_LEVEL = 0;
				GCC_PREPROCESSOR_DEFINITIONS = (
					"DEBUG=1",
					"$(inherited)",
				);
				GCC_WARN_64_TO_32_BIT_CONVERSION = YES;
				GCC_WARN_ABOUT_RETURN_TYPE = YES_ERROR;
				GCC_WARN_UNDECLARED_SELECTOR = YES;
				GCC_WARN_UNINITIALIZED_AUTOS = YES_AGGRESSIVE;
				GCC_WARN_UNUSED_FUNCTION = YES;
				GCC_WARN_UNUSED_VARIABLE = YES;
				IPHONEOS_DEPLOYMENT_TARGET = 18.0;
				LOCALIZATION_PREFERS_STRING_CATALOGS = YES;
				MTL_ENABLE_DEBUG_INFO = INCLUDE_SOURCE;
				MTL_FAST_MATH = YES;
				ONLY_ACTIVE_ARCH = YES;
				SDKROOT = iphoneos;
				SWIFT_ACTIVE_COMPILATION_CONDITIONS = "DEBUG $(inherited)";
				SWIFT_OPTIMIZATION_LEVEL = "-Onone";
			};
			name = Debug;
		};
		6ADBA60F2CD12C9600268F8F /* Release */ = {
			isa = XCBuildConfiguration;
			buildSettings = {
				ALWAYS_SEARCH_USER_PATHS = NO;
				ASSETCATALOG_COMPILER_GENERATE_SWIFT_ASSET_SYMBOL_EXTENSIONS = YES;
				CLANG_ANALYZER_NONNULL = YES;
				CLANG_ANALYZER_NUMBER_OBJECT_CONVERSION = YES_AGGRESSIVE;
				CLANG_CXX_LANGUAGE_STANDARD = "gnu++20";
				CLANG_ENABLE_MODULES = YES;
				CLANG_ENABLE_OBJC_ARC = YES;
				CLANG_ENABLE_OBJC_WEAK = YES;
				CLANG_WARN_BLOCK_CAPTURE_AUTORELEASING = YES;
				CLANG_WARN_BOOL_CONVERSION = YES;
				CLANG_WARN_COMMA = YES;
				CLANG_WARN_CONSTANT_CONVERSION = YES;
				CLANG_WARN_DEPRECATED_OBJC_IMPLEMENTATIONS = YES;
				CLANG_WARN_DIRECT_OBJC_ISA_USAGE = YES_ERROR;
				CLANG_WARN_DOCUMENTATION_COMMENTS = YES;
				CLANG_WARN_EMPTY_BODY = YES;
				CLANG_WARN_ENUM_CONVERSION = YES;
				CLANG_WARN_INFINITE_RECURSION = YES;
				CLANG_WARN_INT_CONVERSION = YES;
				CLANG_WARN_NON_LITERAL_NULL_CONVERSION = YES;
				CLANG_WARN_OBJC_IMPLICIT_RETAIN_SELF = YES;
				CLANG_WARN_OBJC_LITERAL_CONVERSION = YES;
				CLANG_WARN_OBJC_ROOT_CLASS = YES_ERROR;
				CLANG_WARN_QUOTED_INCLUDE_IN_FRAMEWORK_HEADER = YES;
				CLANG_WARN_RANGE_LOOP_ANALYSIS = YES;
				CLANG_WARN_STRICT_PROTOTYPES = YES;
				CLANG_WARN_SUSPICIOUS_MOVE = YES;
				CLANG_WARN_UNGUARDED_AVAILABILITY = YES_AGGRESSIVE;
				CLANG_WARN_UNREACHABLE_CODE = YES;
				CLANG_WARN__DUPLICATE_METHOD_MATCH = YES;
				COPY_PHASE_STRIP = NO;
				DEBUG_INFORMATION_FORMAT = "dwarf-with-dsym";
				ENABLE_NS_ASSERTIONS = NO;
				ENABLE_STRICT_OBJC_MSGSEND = YES;
				ENABLE_USER_SCRIPT_SANDBOXING = YES;
				GCC_C_LANGUAGE_STANDARD = gnu17;
				GCC_NO_COMMON_BLOCKS = YES;
				GCC_WARN_64_TO_32_BIT_CONVERSION = YES;
				GCC_WARN_ABOUT_RETURN_TYPE = YES_ERROR;
				GCC_WARN_UNDECLARED_SELECTOR = YES;
				GCC_WARN_UNINITIALIZED_AUTOS = YES_AGGRESSIVE;
				GCC_WARN_UNUSED_FUNCTION = YES;
				GCC_WARN_UNUSED_VARIABLE = YES;
				IPHONEOS_DEPLOYMENT_TARGET = 18.0;
				LOCALIZATION_PREFERS_STRING_CATALOGS = YES;
				MTL_ENABLE_DEBUG_INFO = NO;
				MTL_FAST_MATH = YES;
				SDKROOT = iphoneos;
				SWIFT_COMPILATION_MODE = wholemodule;
				VALIDATE_PRODUCT = YES;
			};
			name = Release;
		};
		6ADBA6112CD12C9600268F8F /* Debug */ = {
			isa = XCBuildConfiguration;
			buildSettings = {
				ASSETCATALOG_COMPILER_APPICON_NAME = AppIcon;
				ASSETCATALOG_COMPILER_GLOBAL_ACCENT_COLOR_NAME = AccentColor;
				CODE_SIGN_STYLE = Automatic;
				CURRENT_PROJECT_VERSION = 1;
				DEVELOPMENT_ASSET_PATHS = "\"WordScramble/Preview Content\"";
				ENABLE_PREVIEWS = YES;
				GENERATE_INFOPLIST_FILE = YES;
				INFOPLIST_KEY_UIApplicationSceneManifest_Generation = YES;
				INFOPLIST_KEY_UIApplicationSupportsIndirectInputEvents = YES;
				INFOPLIST_KEY_UILaunchScreen_Generation = YES;
				INFOPLIST_KEY_UISupportedInterfaceOrientations_iPad = "UIInterfaceOrientationPortrait UIInterfaceOrientationPortraitUpsideDown UIInterfaceOrientationLandscapeLeft UIInterfaceOrientationLandscapeRight";
				INFOPLIST_KEY_UISupportedInterfaceOrientations_iPhone = "UIInterfaceOrientationPortrait UIInterfaceOrientationLandscapeLeft UIInterfaceOrientationLandscapeRight";
				LD_RUNPATH_SEARCH_PATHS = (
					"$(inherited)",
					"@executable_path/Frameworks",
				);
				MARKETING_VERSION = 1.0;
				PRODUCT_BUNDLE_IDENTIFIER = name.soumya.WordScramble;
				PRODUCT_NAME = "$(TARGET_NAME)";
				SWIFT_EMIT_LOC_STRINGS = YES;
				SWIFT_VERSION = 5.0;
				TARGETED_DEVICE_FAMILY = "1,2";
			};
			name = Debug;
		};
		6ADBA6122CD12C9600268F8F /* Release */ = {
			isa = XCBuildConfiguration;
			buildSettings = {
				ASSETCATALOG_COMPILER_APPICON_NAME = AppIcon;
				ASSETCATALOG_COMPILER_GLOBAL_ACCENT_COLOR_NAME = AccentColor;
				CODE_SIGN_STYLE = Automatic;
				CURRENT_PROJECT_VERSION = 1;
				DEVELOPMENT_ASSET_PATHS = "\"WordScramble/Preview Content\"";
				ENABLE_PREVIEWS = YES;
				GENERATE_INFOPLIST_FILE = YES;
				INFOPLIST_KEY_UIApplicationSceneManifest_Generation = YES;
				INFOPLIST_KEY_UIApplicationSupportsIndirectInputEvents = YES;
				INFOPLIST_KEY_UILaunchScreen_Generation = YES;
				INFOPLIST_KEY_UISupportedInterfaceOrientations_iPad = "UIInterfaceOrientationPortrait UIInterfaceOrientationPortraitUpsideDown UIInterfaceOrientationLandscapeLeft UIInterfaceOrientationLandscapeRight";
				INFOPLIST_KEY_UISupportedInterfaceOrientations_iPhone = "UIInterfaceOrientationPortrait UIInterfaceOrientationLandscapeLeft UIInterfaceOrientationLandscapeRight";
				LD_RUNPATH_SEARCH_PATHS = (
					"$(inherited)",
					"@executable_path/Frameworks",
				);
				MARKETING_VERSION = 1.0;
				PRODUCT_BUNDLE_IDENTIFIER = name.soumya.WordScramble;
				PRODUCT_NAME = "$(TARGET_NAME)";
				SWIFT_EMIT_LOC_STRINGS = YES;
				SWIFT_VERSION = 5.0;
				TARGETED_DEVICE_FAMILY = "1,2";
			};
			name = Release;
		};
		6ADBA6142CD12C9600268F8F /* Debug */ = {
			isa = XCBuildConfiguration;
			buildSettings = {
				BUNDLE_LOADER = "$(TEST_HOST)";
				CODE_SIGN_STYLE = Automatic;
				CURRENT_PROJECT_VERSION = 1;
				GENERATE_INFOPLIST_FILE = YES;
				IPHONEOS_DEPLOYMENT_TARGET = 18.0;
				MARKETING_VERSION = 1.0;
				PRODUCT_BUNDLE_IDENTIFIER = name.soumya.WordScrambleTests;
				PRODUCT_NAME = "$(TARGET_NAME)";
				SWIFT_EMIT_LOC_STRINGS = NO;
				SWIFT_VERSION = 5.0;
				TARGETED_DEVICE_FAMILY = "1,2";
				TEST_HOST = "$(BUILT_PRODUCTS_DIR)/WordScramble.app/$(BUNDLE_EXECUTABLE_FOLDER_PATH)/WordScramble";
			};
			name = Debug;
		};
		6ADBA6152CD12C9600268F8F /* Release */ = {
			isa = XCBuildConfiguration;
			buildSettings = {
				BUNDLE_LOADER = "$(TEST_HOST)";
				CODE_SIGN_STYLE = Automatic;
				CURRENT_PROJECT_VERSION = 1;
				GENERATE_INFOPLIST_FILE = YES;
				IPHONEOS_DEPLOYMENT_TARGET = 18.0;
				MARKETING_VERSION = 1.0;
				PRODUCT_BUNDLE_IDENTIFIER = name.soumya.WordScrambleTests;
				PRODUCT_NAME = "$(TARGET_NAME)";
				SWIFT_EMIT_LOC_STRINGS = NO;
				SWIFT_VERSION = 5.0;
				TARGETED_DEVICE_FAMILY = "1,2";
				TEST_HOST = "$(BUILT_PRODUCTS_DIR)/WordScramble.app/$(BUNDLE_EXECUTABLE_FOLDER_PATH)/WordScramble";
			};
			name = Release;
		};
		6ADBA6172CD12C9600268F8F /* Debug */ = {
			isa = XCBuildConfiguration;
			buildSettings = {
				CODE_SIGN_STYLE = Automatic;
				CURRENT_PROJECT_VERSION = 1;
				GENERATE_INFOPLIST_FILE = YES;
				MARKETING_VERSION = 1.0;
				PRODUCT_BUNDLE_IDENTIFIER = name.soumya.WordScrambleUITests;
				PRODUCT_NAME = "$(TARGET_NAME)";
				SWIFT_EMIT_LOC_STRINGS = NO;
				SWIFT_VERSION = 5.0;
				TARGETED_DEVICE_FAMILY = "1,2";
				TEST_TARGET_NAME = WordScramble;
			};
			name = Debug;
		};
		6ADBA6182CD12C9600268F8F /* Release */ = {
			isa = XCBuildConfiguration;
			buildSettings = {
				CODE_SIGN_STYLE = Automatic;
				CURRENT_PROJECT_VERSION = 1;
				GENERATE_INFOPLIST_FILE = YES;
				MARKETING_VERSION = 1.0;
				PRODUCT_BUNDLE_IDENTIFIER = name.soumya.WordScrambleUITests;
				PRODUCT_NAME = "$(TARGET_NAME)";
				SWIFT_EMIT_LOC_STRINGS = NO;
				SWIFT_VERSION = 5.0;
				TARGETED_DEVICE_FAMILY = "1,2";
				TEST_TARGET_NAME = WordScramble;
			};
			name = Release;
		};
/* End XCBuildConfiguration section */

/* Begin XCConfigurationList section */
		6ADBA5E72CD12C9500268F8F /* Build configuration list for PBXProject "WordScramble" */ = {
			isa = XCConfigurationList;
			buildConfigurations = (
				6ADBA60E2CD12C9600268F8F /* Debug */,
				6ADBA60F2CD12C9600268F8F /* Release */,
			);
			defaultConfigurationIsVisible = 0;
			defaultConfigurationName = Release;
		};
		6ADBA6102CD12C9600268F8F /* Build configuration list for PBXNativeTarget "WordScramble" */ = {
			isa = XCConfigurationList;
			buildConfigurations = (
				6ADBA6112CD12C9600268F8F /* Debug */,
				6ADBA6122CD12C9600268F8F /* Release */,
			);
			defaultConfigurationIsVisible = 0;
			defaultConfigurationName = Release;
		};
		6ADBA6132CD12C9600268F8F /* Build configuration list for PBXNativeTarget "WordScrambleTests" */ = {
			isa = XCConfigurationList;
			buildConfigurations = (
				6ADBA6142CD12C9600268F8F /* Debug */,
				6ADBA6152CD12C9600268F8F /* Release */,
			);
			defaultConfigurationIsVisible = 0;
			defaultConfigurationName = Release;
		};
		6ADBA6162CD12C9600268F8F /* Build configuration list for PBXNativeTarget "WordScrambleUITests" */ = {
			isa = XCConfigurationList;
			buildConfigurations = (
				6ADBA6172CD12C9600268F8F /* Debug */,
				6ADBA6182CD12C9600268F8F /* Release */,
			);
			defaultConfigurationIsVisible = 0;
			defaultConfigurationName = Release;
		};
/* End XCConfigurationList section */
	};
	rootObject = 6ADBA5E42CD12C9500268F8F /* Project object */;
}
